
Microsoft Visual Studio Solution File, Format Version 12.00
# Visual Studio Version 17
VisualStudioVersion = 17.11.35327.3
MinimumVisualStudioVersion = 10.0.40219.1
Project("{FAE04EC0-301F-11D3-BF4B-00C04F79EFBC}") = "GUI", "GUI\GUI.csproj", "{413D7153-8B0F-4136-B1BD-C8CE6DF61DA3}"
EndProject
Project("{FAE04EC0-301F-11D3-BF4B-00C04F79EFBC}") = "BUS", "BUS\BUS.csproj", "{CE0FE22B-438C-4795-B2F4-D0841493DE2A}"
EndProject
Project("{FAE04EC0-301F-11D3-BF4B-00C04F79EFBC}") = "DAL", "DAL\DAL.csproj", "{021DFD43-A6D1-4411-9125-D3CD734B96D9}"
EndProject
Project("{FAE04EC0-301F-11D3-BF4B-00C04F79EFBC}") = "DTO", "DTO\DTO.csproj", "{FA0461F4-9D65-4E34-8ED5-9B66121889F4}"
EndProject
Global
	GlobalSection(SolutionConfigurationPlatforms) = preSolution
		Debug|Any CPU = Debug|Any CPU
		Release|Any CPU = Release|Any CPU
	EndGlobalSection
	GlobalSection(ProjectConfigurationPlatforms) = postSolution
		{413D7153-8B0F-4136-B1BD-C8CE6DF61DA3}.Debug|Any CPU.ActiveCfg = Debug|Any CPU
		{413D7153-8B0F-4136-B1BD-C8CE6DF61DA3}.Debug|Any CPU.Build.0 = Debug|Any CPU
		{413D7153-8B0F-4136-B1BD-C8CE6DF61DA3}.Release|Any CPU.ActiveCfg = Release|Any CPU
		{413D7153-8B0F-4136-B1BD-C8CE6DF61DA3}.Release|Any CPU.Build.0 = Release|Any CPU
		{CE0FE22B-438C-4795-B2F4-D0841493DE2A}.Debug|Any CPU.ActiveCfg = Debug|Any CPU
		{CE0FE22B-438C-4795-B2F4-D0841493DE2A}.Debug|Any CPU.Build.0 = Debug|Any CPU
		{CE0FE22B-438C-4795-B2F4-D0841493DE2A}.Release|Any CPU.ActiveCfg = Release|Any CPU
		{CE0FE22B-438C-4795-B2F4-D0841493DE2A}.Release|Any CPU.Build.0 = Release|Any CPU
		{021DFD43-A6D1-4411-9125-D3CD734B96D9}.Debug|Any CPU.ActiveCfg = Debug|Any CPU
		{021DFD43-A6D1-4411-9125-D3CD734B96D9}.Debug|Any CPU.Build.0 = Debug|Any CPU
		{021DFD43-A6D1-4411-9125-D3CD734B96D9}.Release|Any CPU.ActiveCfg = Release|Any CPU
		{021DFD43-A6D1-4411-9125-D3CD734B96D9}.Release|Any CPU.Build.0 = Release|Any CPU
		{FA0461F4-9D65-4E34-8ED5-9B66121889F4}.Debug|Any CPU.ActiveCfg = Debug|Any CPU
		{FA0461F4-9D65-4E34-8ED5-9B66121889F4}.Debug|Any CPU.Build.0 = Debug|Any CPU
		{FA0461F4-9D65-4E34-8ED5-9B66121889F4}.Release|Any CPU.ActiveCfg = Release|Any CPU
		{FA0461F4-9D65-4E34-8ED5-9B66121889F4}.Release|Any CPU.Build.0 = Release|Any CPU
	EndGlobalSection
	GlobalSection(SolutionProperties) = preSolution
		HideSolutionNode = FALSE
	EndGlobalSection
	GlobalSection(ExtensibilityGlobals) = postSolution
		SolutionGuid = {9F317CF6-8A81-4721-B3B3-5CAEEBFCEDBE}
	EndGlobalSection
EndGlobal
